PODS:
  - AppCenter (2.0.1):
    - AppCenter/Analytics (= 2.0.1)
    - AppCenter/Crashes (= 2.0.1)
  - AppCenter/Analytics (2.0.1):
    - AppCenter/Core
  - AppCenter/Core (2.0.1)
  - AppCenter/Crashes (2.0.1):
    - AppCenter/Core

DEPENDENCIES:
  - AppCenter

SPEC REPOS:
  https://github.com/CocoaPods/Specs.git:
    - AppCenter

SPEC CHECKSUMS:
  AppCenter: 6a5ff2fd007b53431259fdd74f91eb3d0dfea3d1

PODFILE CHECKSUM: 43d9cda73655d2d95d744dd3d9c86d5ed348e102

COCOAPODS: 1.5.0
